
Microsoft Visual Studio Solution File, Format Version 12.00
# Visual Studio Version 16
VisualStudioVersion = 16.0.29709.97
MinimumVisualStudioVersion = 10.0.40219.1
Project("{2150E333-8FDC-42A3-9474-1A3956D46DE8}") = "API", "API", "{C895F003-920C-45AE-8133-813900F5839B}"
EndProject
Project("{9A19103F-16F7-4668-BE54-9A1E7A4F7556}") = "dencryptor.api", "dencryptor.api\dencryptor.api.csproj", "{8FCD5161-1AD9-4EB6-B7A6-7349122A4690}"
EndProject
Project("{2150E333-8FDC-42A3-9474-1A3956D46DE8}") = "KESTREL.API", "KESTREL.API", "{9C76FE51-1D98-4C3B-BA5C-4AFF0F0DC060}"
EndProject
Project("{9A19103F-16F7-4668-BE54-9A1E7A4F7556}") = "dencryptor.kestrel.api", "dencryptor.kestrel.api\dencryptor.kestrel.api.csproj", "{08255732-6805-4632-B3DB-EA2F1AA16EEB}"
EndProject
Project("{2150E333-8FDC-42A3-9474-1A3956D46DE8}") = "KESTREL.API.MODELS", "KESTREL.API.MODELS", "{7F060542-3C94-43DB-A959-3184AC68F6A1}"
EndProject
Project("{9A19103F-16F7-4668-BE54-9A1E7A4F7556}") = "dencryptor.kestrel.api.models", "dencryptor.kestrel.api.models\dencryptor.kestrel.api.models.csproj", "{32D4D9E4-C6E8-4895-8230-AD15A4347C24}"
EndProject
Project("{2150E333-8FDC-42A3-9474-1A3956D46DE8}") = "KESTREL.API.BUSINESS", "KESTREL.API.BUSINESS", "{4354C7D0-6E49-4D01-9F69-44F5D2EDAA12}"
EndProject
Project("{2150E333-8FDC-42A3-9474-1A3956D46DE8}") = "KESTREL.API.CLIENT", "KESTREL.API.CLIENT", "{5DC3D04C-C65B-4A8F-A4D0-4DD776D75663}"
EndProject
Project("{2150E333-8FDC-42A3-9474-1A3956D46DE8}") = "KESTREL.API.PERSISTENCE", "KESTREL.API.PERSISTENCE", "{1EF5EABD-ED6A-4964-92F3-B8036EE46CF4}"
EndProject
Project("{2150E333-8FDC-42A3-9474-1A3956D46DE8}") = "KESTREL.API.SECURITY", "KESTREL.API.SECURITY", "{BBB2262D-AADD-4C57-B04F-6706AB423A4F}"
EndProject
Project("{2150E333-8FDC-42A3-9474-1A3956D46DE8}") = "KESTREL.API.UTILITIES", "KESTREL.API.UTILITIES", "{DD4973FB-BC68-415A-AD18-1202C37BE66D}"
EndProject
Project("{2150E333-8FDC-42A3-9474-1A3956D46DE8}") = "KESTREL.API.BUILD", "KESTREL.API.BUILD", "{26C3B183-0962-4DB9-B168-DB204749540B}"
EndProject
Global
	GlobalSection(SolutionConfigurationPlatforms) = preSolution
		Debug|Any CPU = Debug|Any CPU
		Release|Any CPU = Release|Any CPU
	EndGlobalSection
	GlobalSection(ProjectConfigurationPlatforms) = postSolution
		{8FCD5161-1AD9-4EB6-B7A6-7349122A4690}.Debug|Any CPU.ActiveCfg = Debug|Any CPU
		{8FCD5161-1AD9-4EB6-B7A6-7349122A4690}.Debug|Any CPU.Build.0 = Debug|Any CPU
		{8FCD5161-1AD9-4EB6-B7A6-7349122A4690}.Release|Any CPU.ActiveCfg = Release|Any CPU
		{8FCD5161-1AD9-4EB6-B7A6-7349122A4690}.Release|Any CPU.Build.0 = Release|Any CPU
		{08255732-6805-4632-B3DB-EA2F1AA16EEB}.Debug|Any CPU.ActiveCfg = Debug|Any CPU
		{08255732-6805-4632-B3DB-EA2F1AA16EEB}.Debug|Any CPU.Build.0 = Debug|Any CPU
		{08255732-6805-4632-B3DB-EA2F1AA16EEB}.Release|Any CPU.ActiveCfg = Release|Any CPU
		{08255732-6805-4632-B3DB-EA2F1AA16EEB}.Release|Any CPU.Build.0 = Release|Any CPU
		{32D4D9E4-C6E8-4895-8230-AD15A4347C24}.Debug|Any CPU.ActiveCfg = Debug|Any CPU
		{32D4D9E4-C6E8-4895-8230-AD15A4347C24}.Debug|Any CPU.Build.0 = Debug|Any CPU
		{32D4D9E4-C6E8-4895-8230-AD15A4347C24}.Release|Any CPU.ActiveCfg = Release|Any CPU
		{32D4D9E4-C6E8-4895-8230-AD15A4347C24}.Release|Any CPU.Build.0 = Release|Any CPU
	EndGlobalSection
	GlobalSection(SolutionProperties) = preSolution
		HideSolutionNode = FALSE
	EndGlobalSection
	GlobalSection(NestedProjects) = preSolution
		{8FCD5161-1AD9-4EB6-B7A6-7349122A4690} = {C895F003-920C-45AE-8133-813900F5839B}
		{08255732-6805-4632-B3DB-EA2F1AA16EEB} = {9C76FE51-1D98-4C3B-BA5C-4AFF0F0DC060}
		{32D4D9E4-C6E8-4895-8230-AD15A4347C24} = {7F060542-3C94-43DB-A959-3184AC68F6A1}
	EndGlobalSection
	GlobalSection(ExtensibilityGlobals) = postSolution
		SolutionGuid = {26E77708-2E5A-436B-B85B-B7614E5055AD}
	EndGlobalSection
EndGlobal
